// !$*UTF8*$!
{
	archiveVersion = 1;
	classes = {
	};
	objectVersion = 60;
	objects = {

/* Begin PBXBuildFile section */
		3A5EEF2C2C5F187900DD8690 /* WaffleApp.swift in Sources */ = {isa = PBXBuildFile; fileRef = 3A5EEF2B2C5F187900DD8690 /* WaffleApp.swift */; };
		3A5EEF2E2C5F187900DD8690 /* ContentView.swift in Sources */ = {isa = PBXBuildFile; fileRef = 3A5EEF2D2C5F187900DD8690 /* ContentView.swift */; };
		3A5EEF302C5F187B00DD8690 /* Assets.xcassets in Resources */ = {isa = PBXBuildFile; fileRef = 3A5EEF2F2C5F187B00DD8690 /* Assets.xcassets */; };
		3A5EEF332C5F187B00DD8690 /* Preview Assets.xcassets in Resources */ = {isa = PBXBuildFile; fileRef = 3A5EEF322C5F187B00DD8690 /* Preview Assets.xcassets */; };
		3AD6A5CF2C61A0040037F09F /* FirebaseAuth in Frameworks */ = {isa = PBXBuildFile; productRef = 3AD6A5CE2C61A0040037F09F /* FirebaseAuth */; };
		3AD6A5D12C61A12E0037F09F /* AppDelegate.swift in Sources */ = {isa = PBXBuildFile; fileRef = 3AD6A5D02C61A12C0037F09F /* AppDelegate.swift */; };
		3AD6A5D62C61A1D50037F09F /* GoogleSignIn in Frameworks */ = {isa = PBXBuildFile; productRef = 3AD6A5D52C61A1D50037F09F /* GoogleSignIn */; };
		3AD6A5D82C61A1D50037F09F /* GoogleSignInSwift in Frameworks */ = {isa = PBXBuildFile; productRef = 3AD6A5D72C61A1D50037F09F /* GoogleSignInSwift */; };
		3AD6A5DA2C61A21A0037F09F /* ChatApp.swift in Sources */ = {isa = PBXBuildFile; fileRef = 3AD6A5D92C61A21A0037F09F /* ChatApp.swift */; };
		3AD6A5DC2C61A4B10037F09F /* GoogleService-Info.plist in Resources */ = {isa = PBXBuildFile; fileRef = 3AD6A5DB2C61A4B10037F09F /* GoogleService-Info.plist */; };
/* End PBXBuildFile section */

/* Begin PBXFileReference section */
		3A5EEF282C5F187900DD8690 /* Waffle.app */ = {isa = PBXFileReference; explicitFileType = wrapper.application; includeInIndex = 0; name = Waffle.app; path = "/Users/ayaangrover/Documents/Github/waffle/Waffle/build/Debug-iphoneos/Waffle.app"; sourceTree = "<absolute>"; };
		3A5EEF2B2C5F187900DD8690 /* WaffleApp.swift */ = {isa = PBXFileReference; lastKnownFileType = sourcecode.swift; path = WaffleApp.swift; sourceTree = "<group>"; };
		3A5EEF2D2C5F187900DD8690 /* ContentView.swift */ = {isa = PBXFileReference; lastKnownFileType = sourcecode.swift; path = ContentView.swift; sourceTree = "<group>"; };
		3A5EEF2F2C5F187B00DD8690 /* Assets.xcassets */ = {isa = PBXFileReference; lastKnownFileType = folder.assetcatalog; path = Assets.xcassets; sourceTree = "<group>"; };
		3A5EEF322C5F187B00DD8690 /* Preview Assets.xcassets */ = {isa = PBXFileReference; lastKnownFileType = folder.assetcatalog; path = "Preview Assets.xcassets"; sourceTree = "<group>"; };
		3A5EEF392C5F22E900DD8690 /* Info.plist */ = {isa = PBXFileReference; lastKnownFileType = text.plist; path = Info.plist; sourceTree = "<group>"; };
		3AD6A5D02C61A12C0037F09F /* AppDelegate.swift */ = {isa = PBXFileReference; lastKnownFileType = sourcecode.swift; path = AppDelegate.swift; sourceTree = "<group>"; };
		3AD6A5D92C61A21A0037F09F /* ChatApp.swift */ = {isa = PBXFileReference; lastKnownFileType = sourcecode.swift; path = ChatApp.swift; sourceTree = "<group>"; };
		3AD6A5DB2C61A4B10037F09F /* GoogleService-Info.plist */ = {isa = PBXFileReference; fileEncoding = 4; lastKnownFileType = text.plist.xml; name = "GoogleService-Info.plist"; path = "../../../../../Desktop/GoogleService-Info.plist"; sourceTree = "<group>"; };
/* End PBXFileReference section */

/* Begin PBXFrameworksBuildPhase section */
		3A5EEF252C5F187900DD8690 /* Frameworks */ = {
			isa = PBXFrameworksBuildPhase;
			buildActionMask = 2147483647;
			files = (
				3AD6A5D82C61A1D50037F09F /* GoogleSignInSwift in Frameworks */,
				3AD6A5CF2C61A0040037F09F /* FirebaseAuth in Frameworks */,
				3AD6A5D62C61A1D50037F09F /* GoogleSignIn in Frameworks */,
			);
			runOnlyForDeploymentPostprocessing = 0;
		};
/* End PBXFrameworksBuildPhase section */

/* Begin PBXGroup section */
		3A5EEF1F2C5F187900DD8690 = {
			isa = PBXGroup;
			children = (
				3A5EEF2A2C5F187900DD8690 /* Waffle */,
			);
			sourceTree = "<group>";
		};
		3A5EEF2A2C5F187900DD8690 /* Waffle */ = {
			isa = PBXGroup;
			children = (
				3A5EEF392C5F22E900DD8690 /* Info.plist */,
				3AD6A5DB2C61A4B10037F09F /* GoogleService-Info.plist */,
				3A5EEF2B2C5F187900DD8690 /* WaffleApp.swift */,
				3AD6A5D02C61A12C0037F09F /* AppDelegate.swift */,
				3AD6A5D92C61A21A0037F09F /* ChatApp.swift */,
				3A5EEF2D2C5F187900DD8690 /* ContentView.swift */,
				3A5EEF2F2C5F187B00DD8690 /* Assets.xcassets */,
				3A5EEF312C5F187B00DD8690 /* Preview Content */,
			);
			path = Waffle;
			sourceTree = "<group>";
		};
		3A5EEF312C5F187B00DD8690 /* Preview Content */ = {
			isa = PBXGroup;
			children = (
				3A5EEF322C5F187B00DD8690 /* Preview Assets.xcassets */,
			);
			path = "Preview Content";
			sourceTree = "<group>";
		};
/* End PBXGroup section */

/* Begin PBXNativeTarget section */
		3A5EEF272C5F187900DD8690 /* Waffle */ = {
			isa = PBXNativeTarget;
			buildConfigurationList = 3A5EEF362C5F187B00DD8690 /* Build configuration list for PBXNativeTarget "Waffle" */;
			buildPhases = (
				3A5EEF242C5F187900DD8690 /* Sources */,
				3A5EEF252C5F187900DD8690 /* Frameworks */,
				3A5EEF262C5F187900DD8690 /* Resources */,
			);
			buildRules = (
			);
			dependencies = (
			);
			name = Waffle;
			packageProductDependencies = (
				3AD6A5CE2C61A0040037F09F /* FirebaseAuth */,
				3AD6A5D52C61A1D50037F09F /* GoogleSignIn */,
				3AD6A5D72C61A1D50037F09F /* GoogleSignInSwift */,
			);
			productName = Waffle;
			productReference = 3A5EEF282C5F187900DD8690 /* Waffle.app */;
			productType = "com.apple.product-type.application";
		};
/* End PBXNativeTarget section */

/* Begin PBXProject section */
		3A5EEF202C5F187900DD8690 /* Project object */ = {
			isa = PBXProject;
			attributes = {
				BuildIndependentTargetsInParallel = 1;
				LastSwiftUpdateCheck = 1540;
				LastUpgradeCheck = 1540;
				TargetAttributes = {
					3A5EEF272C5F187900DD8690 = {
						CreatedOnToolsVersion = 15.4;
					};
				};
			};
			buildConfigurationList = 3A5EEF232C5F187900DD8690 /* Build configuration list for PBXProject "Waffle" */;
			compatibilityVersion = "Xcode 15.0";
			developmentRegion = en;
			hasScannedForEncodings = 0;
			knownRegions = (
				en,
				Base,
			);
			mainGroup = 3A5EEF1F2C5F187900DD8690;
			packageReferences = (
				3AD6A5CD2C61A0030037F09F /* XCRemoteSwiftPackageReference "firebase-ios-sdk" */,
				3AD6A5D42C61A1D50037F09F /* XCRemoteSwiftPackageReference "GoogleSignIn-iOS" */,
			);
			productRefGroup = 3A5EEF1F2C5F187900DD8690;
			projectDirPath = "";
			projectRoot = "";
			targets = (
				3A5EEF272C5F187900DD8690 /* Waffle */,
			);
		};
/* End PBXProject section */

/* Begin PBXResourcesBuildPhase section */
		3A5EEF262C5F187900DD8690 /* Resources */ = {
			isa = PBXResourcesBuildPhase;
			buildActionMask = 2147483647;
			files = (
				3A5EEF332C5F187B00DD8690 /* Preview Assets.xcassets in Resources */,
				3A5EEF302C5F187B00DD8690 /* Assets.xcassets in Resources */,
				3AD6A5DC2C61A4B10037F09F /* GoogleService-Info.plist in Resources */,
			);
			runOnlyForDeploymentPostprocessing = 0;
		};
/* End PBXResourcesBuildPhase section */

/* Begin PBXSourcesBuildPhase section */
		3A5EEF242C5F187900DD8690 /* Sources */ = {
			isa = PBXSourcesBuildPhase;
			buildActionMask = 2147483647;
			files = (
				3AD6A5D12C61A12E0037F09F /* AppDelegate.swift in Sources */,
				3AD6A5DA2C61A21A0037F09F /* ChatApp.swift in Sources */,
				3A5EEF2E2C5F187900DD8690 /* ContentView.swift in Sources */,
				3A5EEF2C2C5F187900DD8690 /* WaffleApp.swift in Sources */,
			);
			runOnlyForDeploymentPostprocessing = 0;
		};
/* End PBXSourcesBuildPhase section */

/* Begin XCBuildConfiguration section */
		3A5EEF342C5F187B00DD8690 /* Debug */ = {
			isa = XCBuildConfiguration;
			buildSettings = {
				ALWAYS_SEARCH_USER_PATHS = NO;
				ASSETCATALOG_COMPILER_GENERATE_SWIFT_ASSET_SYMBOL_EXTENSIONS = YES;
				CLANG_ANALYZER_NONNULL = YES;
				CLANG_ANALYZER_NUMBER_OBJECT_CONVERSION = YES_AGGRESSIVE;
				CLANG_CXX_LANGUAGE_STANDARD = "gnu++20";
				CLANG_ENABLE_MODULES = YES;
				CLANG_ENABLE_OBJC_ARC = YES;
				CLANG_ENABLE_OBJC_WEAK = YES;
				CLANG_WARN_BLOCK_CAPTURE_AUTORELEASING = YES;
				CLANG_WARN_BOOL_CONVERSION = YES;
				CLANG_WARN_COMMA = YES;
				CLANG_WARN_CONSTANT_CONVERSION = YES;
				CLANG_WARN_DEPRECATED_OBJC_IMPLEMENTATIONS = YES;
				CLANG_WARN_DIRECT_OBJC_ISA_USAGE = YES_ERROR;
				CLANG_WARN_DOCUMENTATION_COMMENTS = YES;
				CLANG_WARN_EMPTY_BODY = YES;
				CLANG_WARN_ENUM_CONVERSION = YES;
				CLANG_WARN_INFINITE_RECURSION = YES;
				CLANG_WARN_INT_CONVERSION = YES;
				CLANG_WARN_NON_LITERAL_NULL_CONVERSION = YES;
				CLANG_WARN_OBJC_IMPLICIT_RETAIN_SELF = YES;
				CLANG_WARN_OBJC_LITERAL_CONVERSION = YES;
				CLANG_WARN_OBJC_ROOT_CLASS = YES_ERROR;
				CLANG_WARN_QUOTED_INCLUDE_IN_FRAMEWORK_HEADER = YES;
				CLANG_WARN_RANGE_LOOP_ANALYSIS = YES;
				CLANG_WARN_STRICT_PROTOTYPES = YES;
				CLANG_WARN_SUSPICIOUS_MOVE = YES;
				CLANG_WARN_UNGUARDED_AVAILABILITY = YES_AGGRESSIVE;
				CLANG_WARN_UNREACHABLE_CODE = YES;
				CLANG_WARN__DUPLICATE_METHOD_MATCH = YES;
				COPY_PHASE_STRIP = NO;
				DEBUG_INFORMATION_FORMAT = dwarf;
				ENABLE_STRICT_OBJC_MSGSEND = YES;
				ENABLE_TESTABILITY = YES;
				ENABLE_USER_SCRIPT_SANDBOXING = YES;
				GCC_C_LANGUAGE_STANDARD = gnu17;
				GCC_DYNAMIC_NO_PIC = NO;
				GCC_NO_COMMON_BLOCKS = YES;
				GCC_OPTIMIZATION_LEVEL = 0;
				GCC_PREPROCESSOR_DEFINITIONS = (
					"DEBUG=1",
					"$(inherited)",
				);
				GCC_WARN_64_TO_32_BIT_CONVERSION = YES;
				GCC_WARN_ABOUT_RETURN_TYPE = YES_ERROR;
				GCC_WARN_UNDECLARED_SELECTOR = YES;
				GCC_WARN_UNINITIALIZED_AUTOS = YES_AGGRESSIVE;
				GCC_WARN_UNUSED_FUNCTION = YES;
				GCC_WARN_UNUSED_VARIABLE = YES;
				IPHONEOS_DEPLOYMENT_TARGET = 17.5;
				LOCALIZATION_PREFERS_STRING_CATALOGS = YES;
				MTL_ENABLE_DEBUG_INFO = INCLUDE_SOURCE;
				MTL_FAST_MATH = YES;
				ONLY_ACTIVE_ARCH = YES;
				SDKROOT = iphoneos;
				SWIFT_ACTIVE_COMPILATION_CONDITIONS = "DEBUG $(inherited)";
				SWIFT_OPTIMIZATION_LEVEL = "-Onone";
			};
			name = Debug;
		};
		3A5EEF352C5F187B00DD8690 /* Release */ = {
			isa = XCBuildConfiguration;
			buildSettings = {
				ALWAYS_SEARCH_USER_PATHS = NO;
				ASSETCATALOG_COMPILER_GENERATE_SWIFT_ASSET_SYMBOL_EXTENSIONS = YES;
				CLANG_ANALYZER_NONNULL = YES;
				CLANG_ANALYZER_NUMBER_OBJECT_CONVERSION = YES_AGGRESSIVE;
				CLANG_CXX_LANGUAGE_STANDARD = "gnu++20";
				CLANG_ENABLE_MODULES = YES;
				CLANG_ENABLE_OBJC_ARC = YES;
				CLANG_ENABLE_OBJC_WEAK = YES;
				CLANG_WARN_BLOCK_CAPTURE_AUTORELEASING = YES;
				CLANG_WARN_BOOL_CONVERSION = YES;
				CLANG_WARN_COMMA = YES;
				CLANG_WARN_CONSTANT_CONVERSION = YES;
				CLANG_WARN_DEPRECATED_OBJC_IMPLEMENTATIONS = YES;
				CLANG_WARN_DIRECT_OBJC_ISA_USAGE = YES_ERROR;
				CLANG_WARN_DOCUMENTATION_COMMENTS = YES;
				CLANG_WARN_EMPTY_BODY = YES;
				CLANG_WARN_ENUM_CONVERSION = YES;
				CLANG_WARN_INFINITE_RECURSION = YES;
				CLANG_WARN_INT_CONVERSION = YES;
				CLANG_WARN_NON_LITERAL_NULL_CONVERSION = YES;
				CLANG_WARN_OBJC_IMPLICIT_RETAIN_SELF = YES;
				CLANG_WARN_OBJC_LITERAL_CONVERSION = YES;
				CLANG_WARN_OBJC_ROOT_CLASS = YES_ERROR;
				CLANG_WARN_QUOTED_INCLUDE_IN_FRAMEWORK_HEADER = YES;
				CLANG_WARN_RANGE_LOOP_ANALYSIS = YES;
				CLANG_WARN_STRICT_PROTOTYPES = YES;
				CLANG_WARN_SUSPICIOUS_MOVE = YES;
				CLANG_WARN_UNGUARDED_AVAILABILITY = YES_AGGRESSIVE;
				CLANG_WARN_UNREACHABLE_CODE = YES;
				CLANG_WARN__DUPLICATE_METHOD_MATCH = YES;
				COPY_PHASE_STRIP = NO;
				DEBUG_INFORMATION_FORMAT = "dwarf-with-dsym";
				ENABLE_NS_ASSERTIONS = NO;
				ENABLE_STRICT_OBJC_MSGSEND = YES;
				ENABLE_USER_SCRIPT_SANDBOXING = YES;
				GCC_C_LANGUAGE_STANDARD = gnu17;
				GCC_NO_COMMON_BLOCKS = YES;
				GCC_WARN_64_TO_32_BIT_CONVERSION = YES;
				GCC_WARN_ABOUT_RETURN_TYPE = YES_ERROR;
				GCC_WARN_UNDECLARED_SELECTOR = YES;
				GCC_WARN_UNINITIALIZED_AUTOS = YES_AGGRESSIVE;
				GCC_WARN_UNUSED_FUNCTION = YES;
				GCC_WARN_UNUSED_VARIABLE = YES;
				IPHONEOS_DEPLOYMENT_TARGET = 17.5;
				LOCALIZATION_PREFERS_STRING_CATALOGS = YES;
				MTL_ENABLE_DEBUG_INFO = NO;
				MTL_FAST_MATH = YES;
				SDKROOT = iphoneos;
				SWIFT_COMPILATION_MODE = wholemodule;
				VALIDATE_PRODUCT = YES;
			};
			name = Release;
		};
		3A5EEF372C5F187B00DD8690 /* Debug */ = {
			isa = XCBuildConfiguration;
			buildSettings = {
				ASSETCATALOG_COMPILER_APPICON_NAME = AppIcon;
				ASSETCATALOG_COMPILER_GLOBAL_ACCENT_COLOR_NAME = AccentColor;
				CODE_SIGN_STYLE = Automatic;
				CURRENT_PROJECT_VERSION = 1;
				DEVELOPMENT_ASSET_PATHS = "\"Waffle/Preview Content\"";
				DEVELOPMENT_TEAM = 9647R7RL9Q;
				ENABLE_PREVIEWS = YES;
				GENERATE_INFOPLIST_FILE = YES;
				INFOPLIST_FILE = Waffle/Info.plist;
				INFOPLIST_KEY_UIApplicationSceneManifest_Generation = YES;
				INFOPLIST_KEY_UIApplicationSupportsIndirectInputEvents = YES;
				INFOPLIST_KEY_UILaunchScreen_Generation = YES;
				INFOPLIST_KEY_UISupportedInterfaceOrientations_iPad = "UIInterfaceOrientationPortrait UIInterfaceOrientationPortraitUpsideDown UIInterfaceOrientationLandscapeLeft UIInterfaceOrientationLandscapeRight";
				INFOPLIST_KEY_UISupportedInterfaceOrientations_iPhone = "UIInterfaceOrientationPortrait UIInterfaceOrientationLandscapeLeft UIInterfaceOrientationLandscapeRight";
				LD_RUNPATH_SEARCH_PATHS = (
					"$(inherited)",
					"@executable_path/Frameworks",
				);
				MARKETING_VERSION = 1.0;
				PRODUCT_BUNDLE_IDENTIFIER = com.ayaangrover.Waffle;
				PRODUCT_NAME = "$(TARGET_NAME)";
				SWIFT_EMIT_LOC_STRINGS = YES;
				SWIFT_VERSION = 5.0;
				TARGETED_DEVICE_FAMILY = "1,2";
			};
			name = Debug;
		};
		3A5EEF382C5F187B00DD8690 /* Release */ = {
			isa = XCBuildConfiguration;
			buildSettings = {
				ASSETCATALOG_COMPILER_APPICON_NAME = AppIcon;
				ASSETCATALOG_COMPILER_GLOBAL_ACCENT_COLOR_NAME = AccentColor;
				CODE_SIGN_STYLE = Automatic;
				CURRENT_PROJECT_VERSION = 1;
				DEVELOPMENT_ASSET_PATHS = "\"Waffle/Preview Content\"";
				DEVELOPMENT_TEAM = 9647R7RL9Q;
				ENABLE_PREVIEWS = YES;
				GENERATE_INFOPLIST_FILE = YES;
				INFOPLIST_FILE = Waffle/Info.plist;
				INFOPLIST_KEY_UIApplicationSceneManifest_Generation = YES;
				INFOPLIST_KEY_UIApplicationSupportsIndirectInputEvents = YES;
				INFOPLIST_KEY_UILaunchScreen_Generation = YES;
				INFOPLIST_KEY_UISupportedInterfaceOrientations_iPad = "UIInterfaceOrientationPortrait UIInterfaceOrientationPortraitUpsideDown UIInterfaceOrientationLandscapeLeft UIInterfaceOrientationLandscapeRight";
				INFOPLIST_KEY_UISupportedInterfaceOrientations_iPhone = "UIInterfaceOrientationPortrait UIInterfaceOrientationLandscapeLeft UIInterfaceOrientationLandscapeRight";
				LD_RUNPATH_SEARCH_PATHS = (
					"$(inherited)",
					"@executable_path/Frameworks",
				);
				MARKETING_VERSION = 1.0;
				PRODUCT_BUNDLE_IDENTIFIER = com.ayaangrover.Waffle;
				PRODUCT_NAME = "$(TARGET_NAME)";
				SWIFT_EMIT_LOC_STRINGS = YES;
				SWIFT_VERSION = 5.0;
				TARGETED_DEVICE_FAMILY = "1,2";
			};
			name = Release;
		};
/* End XCBuildConfiguration section */

/* Begin XCConfigurationList section */
		3A5EEF232C5F187900DD8690 /* Build configuration list for PBXProject "Waffle" */ = {
			isa = XCConfigurationList;
			buildConfigurations = (
				3A5EEF342C5F187B00DD8690 /* Debug */,
				3A5EEF352C5F187B00DD8690 /* Release */,
			);
			defaultConfigurationIsVisible = 0;
			defaultConfigurationName = Release;
		};
		3A5EEF362C5F187B00DD8690 /* Build configuration list for PBXNativeTarget "Waffle" */ = {
			isa = XCConfigurationList;
			buildConfigurations = (
				3A5EEF372C5F187B00DD8690 /* Debug */,
				3A5EEF382C5F187B00DD8690 /* Release */,
			);
			defaultConfigurationIsVisible = 0;
			defaultConfigurationName = Release;
		};
/* End XCConfigurationList section */

/* Begin XCRemoteSwiftPackageReference section */
		3AD6A5CD2C61A0030037F09F /* XCRemoteSwiftPackageReference "firebase-ios-sdk" */ = {
			isa = XCRemoteSwiftPackageReference;
			repositoryURL = "https://github.com/firebase/firebase-ios-sdk";
			requirement = {
				kind = upToNextMajorVersion;
				minimumVersion = 11.0.0;
			};
		};
		3AD6A5D42C61A1D50037F09F /* XCRemoteSwiftPackageReference "GoogleSignIn-iOS" */ = {
			isa = XCRemoteSwiftPackageReference;
			repositoryURL = "https://github.com/google/GoogleSignIn-iOS";
			requirement = {
				kind = upToNextMajorVersion;
				minimumVersion = 7.1.0;
			};
		};
/* End XCRemoteSwiftPackageReference section */

/* Begin XCSwiftPackageProductDependency section */
		3AD6A5CE2C61A0040037F09F /* FirebaseAuth */ = {
			isa = XCSwiftPackageProductDependency;
			package = 3AD6A5CD2C61A0030037F09F /* XCRemoteSwiftPackageReference "firebase-ios-sdk" */;
			productName = FirebaseAuth;
		};
		3AD6A5D52C61A1D50037F09F /* GoogleSignIn */ = {
			isa = XCSwiftPackageProductDependency;
			package = 3AD6A5D42C61A1D50037F09F /* XCRemoteSwiftPackageReference "GoogleSignIn-iOS" */;
			productName = GoogleSignIn;
		};
		3AD6A5D72C61A1D50037F09F /* GoogleSignInSwift */ = {
			isa = XCSwiftPackageProductDependency;
			package = 3AD6A5D42C61A1D50037F09F /* XCRemoteSwiftPackageReference "GoogleSignIn-iOS" */;
			productName = GoogleSignInSwift;
		};
/* End XCSwiftPackageProductDependency section */
	};
	rootObject = 3A5EEF202C5F187900DD8690 /* Project object */;
}
